{
  "pins" : [
    {
      "identity" : "brainpac-nih-unityframework",
      "kind" : "remoteSourceControl",
      "location" : "https://github.com/BrainPark/brainpac-nih-unityframework.git",
      "state" : {
        "revision" : "6b490c63b6bce3428d03ae1b719ba33698ec760d",
        "version" : "0.0.6-alpha.1"
      }
    }
  ],
  "version" : 2
}
