{
  "pins" : [
    {
      "identity" : "brainpac-nih-unityframework",
      "kind" : "remoteSourceControl",
      "location" : "https://github.com/BrainPark/brainpac-nih-unityframework.git",
      "state" : {
        "revision" : "995e7e618e6438afa700bc8490d16b54f44ee26a",
        "version" : "0.0.6"
      }
    }
  ],
  "version" : 2
}
